// !$*UTF8*$!
{
	archiveVersion = 1;
	classes = {
	};
	objectVersion = 50;
	objects = {

/* Begin PBXBuildFile section */
		EE9DFF3B260C443400AF6583 /* AppDelegate.swift in Sources */ = {isa = PBXBuildFile; fileRef = EE9DFF3A260C443400AF6583 /* AppDelegate.swift */; };
		EE9DFF3D260C443400AF6583 /* SceneDelegate.swift in Sources */ = {isa = PBXBuildFile; fileRef = EE9DFF3C260C443400AF6583 /* SceneDelegate.swift */; };
		EE9DFF3F260C443400AF6583 /* ViewController.swift in Sources */ = {isa = PBXBuildFile; fileRef = EE9DFF3E260C443400AF6583 /* ViewController.swift */; };
		EE9DFF42260C443400AF6583 /* Main.storyboard in Resources */ = {isa = PBXBuildFile; fileRef = EE9DFF40260C443400AF6583 /* Main.storyboard */; };
		EE9DFF44260C443600AF6583 /* Assets.xcassets in Resources */ = {isa = PBXBuildFile; fileRef = EE9DFF43260C443600AF6583 /* Assets.xcassets */; };
		EE9DFF47260C443600AF6583 /* LaunchScreen.storyboard in Resources */ = {isa = PBXBuildFile; fileRef = EE9DFF45260C443600AF6583 /* LaunchScreen.storyboard */; };
		EE9DFF52260C443600AF6583 /* Test_GlossikaTests.swift in Sources */ = {isa = PBXBuildFile; fileRef = EE9DFF51260C443600AF6583 /* Test_GlossikaTests.swift */; };
		EE9DFF5D260C443600AF6583 /* Test_GlossikaUITests.swift in Sources */ = {isa = PBXBuildFile; fileRef = EE9DFF5C260C443600AF6583 /* Test_GlossikaUITests.swift */; };
/* End PBXBuildFile section */

/* Begin PBXContainerItemProxy section */
		EE9DFF4E260C443600AF6583 /* PBXContainerItemProxy */ = {
			isa = PBXContainerItemProxy;
			containerPortal = EE9DFF2F260C443400AF6583 /* Project object */;
			proxyType = 1;
			remoteGlobalIDString = EE9DFF36260C443400AF6583;
			remoteInfo = "Test-Glossika";
		};
		EE9DFF59260C443600AF6583 /* PBXContainerItemProxy */ = {
			isa = PBXContainerItemProxy;
			containerPortal = EE9DFF2F260C443400AF6583 /* Project object */;
			proxyType = 1;
			remoteGlobalIDString = EE9DFF36260C443400AF6583;
			remoteInfo = "Test-Glossika";
		};
/* End PBXContainerItemProxy section */

/* Begin PBXFileReference section */
		EE9DFF37260C443400AF6583 /* Test-Glossika.app */ = {isa = PBXFileReference; explicitFileType = wrapper.application; includeInIndex = 0; path = "Test-Glossika.app"; sourceTree = BUILT_PRODUCTS_DIR; };
		EE9DFF3A260C443400AF6583 /* AppDelegate.swift */ = {isa = PBXFileReference; lastKnownFileType = sourcecode.swift; path = AppDelegate.swift; sourceTree = "<group>"; };
		EE9DFF3C260C443400AF6583 /* SceneDelegate.swift */ = {isa = PBXFileReference; lastKnownFileType = sourcecode.swift; path = SceneDelegate.swift; sourceTree = "<group>"; };
		EE9DFF3E260C443400AF6583 /* ViewController.swift */ = {isa = PBXFileReference; lastKnownFileType = sourcecode.swift; path = ViewController.swift; sourceTree = "<group>"; };
		EE9DFF41260C443400AF6583 /* Base */ = {isa = PBXFileReference; lastKnownFileType = file.storyboard; name = Base; path = Base.lproj/Main.storyboard; sourceTree = "<group>"; };
		EE9DFF43260C443600AF6583 /* Assets.xcassets */ = {isa = PBXFileReference; lastKnownFileType = folder.assetcatalog; path = Assets.xcassets; sourceTree = "<group>"; };
		EE9DFF46260C443600AF6583 /* Base */ = {isa = PBXFileReference; lastKnownFileType = file.storyboard; name = Base; path = Base.lproj/LaunchScreen.storyboard; sourceTree = "<group>"; };
		EE9DFF48260C443600AF6583 /* Info.plist */ = {isa = PBXFileReference; lastKnownFileType = text.plist.xml; path = Info.plist; sourceTree = "<group>"; };
		EE9DFF4D260C443600AF6583 /* Test-GlossikaTests.xctest */ = {isa = PBXFileReference; explicitFileType = wrapper.cfbundle; includeInIndex = 0; path = "Test-GlossikaTests.xctest"; sourceTree = BUILT_PRODUCTS_DIR; };
		EE9DFF51260C443600AF6583 /* Test_GlossikaTests.swift */ = {isa = PBXFileReference; lastKnownFileType = sourcecode.swift; path = Test_GlossikaTests.swift; sourceTree = "<group>"; };
		EE9DFF53260C443600AF6583 /* Info.plist */ = {isa = PBXFileReference; lastKnownFileType = text.plist.xml; path = Info.plist; sourceTree = "<group>"; };
		EE9DFF58260C443600AF6583 /* Test-GlossikaUITests.xctest */ = {isa = PBXFileReference; explicitFileType = wrapper.cfbundle; includeInIndex = 0; path = "Test-GlossikaUITests.xctest"; sourceTree = BUILT_PRODUCTS_DIR; };
		EE9DFF5C260C443600AF6583 /* Test_GlossikaUITests.swift */ = {isa = PBXFileReference; lastKnownFileType = sourcecode.swift; path = Test_GlossikaUITests.swift; sourceTree = "<group>"; };
		EE9DFF5E260C443600AF6583 /* Info.plist */ = {isa = PBXFileReference; lastKnownFileType = text.plist.xml; path = Info.plist; sourceTree = "<group>"; };
/* End PBXFileReference section */

/* Begin PBXFrameworksBuildPhase section */
		EE9DFF34260C443400AF6583 /* Frameworks */ = {
			isa = PBXFrameworksBuildPhase;
			buildActionMask = 2147483647;
			files = (
			);
			runOnlyForDeploymentPostprocessing = 0;
		};
		EE9DFF4A260C443600AF6583 /* Frameworks */ = {
			isa = PBXFrameworksBuildPhase;
			buildActionMask = 2147483647;
			files = (
			);
			runOnlyForDeploymentPostprocessing = 0;
		};
		EE9DFF55260C443600AF6583 /* Frameworks */ = {
			isa = PBXFrameworksBuildPhase;
			buildActionMask = 2147483647;
			files = (
			);
			runOnlyForDeploymentPostprocessing = 0;
		};
/* End PBXFrameworksBuildPhase section */

/* Begin PBXGroup section */
		EE9DFF2E260C443400AF6583 = {
			isa = PBXGroup;
			children = (
				EE9DFF39260C443400AF6583 /* Test-Glossika */,
				EE9DFF50260C443600AF6583 /* Test-GlossikaTests */,
				EE9DFF5B260C443600AF6583 /* Test-GlossikaUITests */,
				EE9DFF38260C443400AF6583 /* Products */,
			);
			sourceTree = "<group>";
		};
		EE9DFF38260C443400AF6583 /* Products */ = {
			isa = PBXGroup;
			children = (
				EE9DFF37260C443400AF6583 /* Test-Glossika.app */,
				EE9DFF4D260C443600AF6583 /* Test-GlossikaTests.xctest */,
				EE9DFF58260C443600AF6583 /* Test-GlossikaUITests.xctest */,
			);
			name = Products;
			sourceTree = "<group>";
		};
		EE9DFF39260C443400AF6583 /* Test-Glossika */ = {
			isa = PBXGroup;
			children = (
				EE9DFF3A260C443400AF6583 /* AppDelegate.swift */,
				EE9DFF3C260C443400AF6583 /* SceneDelegate.swift */,
				EE9DFF3E260C443400AF6583 /* ViewController.swift */,
				EE9DFF40260C443400AF6583 /* Main.storyboard */,
				EE9DFF43260C443600AF6583 /* Assets.xcassets */,
				EE9DFF45260C443600AF6583 /* LaunchScreen.storyboard */,
				EE9DFF48260C443600AF6583 /* Info.plist */,
			);
			path = "Test-Glossika";
			sourceTree = "<group>";
		};
		EE9DFF50260C443600AF6583 /* Test-GlossikaTests */ = {
			isa = PBXGroup;
			children = (
				EE9DFF51260C443600AF6583 /* Test_GlossikaTests.swift */,
				EE9DFF53260C443600AF6583 /* Info.plist */,
			);
			path = "Test-GlossikaTests";
			sourceTree = "<group>";
		};
		EE9DFF5B260C443600AF6583 /* Test-GlossikaUITests */ = {
			isa = PBXGroup;
			children = (
				EE9DFF5C260C443600AF6583 /* Test_GlossikaUITests.swift */,
				EE9DFF5E260C443600AF6583 /* Info.plist */,
			);
			path = "Test-GlossikaUITests";
			sourceTree = "<group>";
		};
/* End PBXGroup section */

/* Begin PBXNativeTarget section */
		EE9DFF36260C443400AF6583 /* Test-Glossika */ = {
			isa = PBXNativeTarget;
			buildConfigurationList = EE9DFF61260C443600AF6583 /* Build configuration list for PBXNativeTarget "Test-Glossika" */;
			buildPhases = (
				EE9DFF33260C443400AF6583 /* Sources */,
				EE9DFF34260C443400AF6583 /* Frameworks */,
				EE9DFF35260C443400AF6583 /* Resources */,
			);
			buildRules = (
			);
			dependencies = (
			);
			name = "Test-Glossika";
			productName = "Test-Glossika";
			productReference = EE9DFF37260C443400AF6583 /* Test-Glossika.app */;
			productType = "com.apple.product-type.application";
		};
		EE9DFF4C260C443600AF6583 /* Test-GlossikaTests */ = {
			isa = PBXNativeTarget;
			buildConfigurationList = EE9DFF64260C443600AF6583 /* Build configuration list for PBXNativeTarget "Test-GlossikaTests" */;
			buildPhases = (
				EE9DFF49260C443600AF6583 /* Sources */,
				EE9DFF4A260C443600AF6583 /* Frameworks */,
				EE9DFF4B260C443600AF6583 /* Resources */,
			);
			buildRules = (
			);
			dependencies = (
				EE9DFF4F260C443600AF6583 /* PBXTargetDependency */,
			);
			name = "Test-GlossikaTests";
			productName = "Test-GlossikaTests";
			productReference = EE9DFF4D260C443600AF6583 /* Test-GlossikaTests.xctest */;
			productType = "com.apple.product-type.bundle.unit-test";
		};
		EE9DFF57260C443600AF6583 /* Test-GlossikaUITests */ = {
			isa = PBXNativeTarget;
			buildConfigurationList = EE9DFF67260C443600AF6583 /* Build configuration list for PBXNativeTarget "Test-GlossikaUITests" */;
			buildPhases = (
				EE9DFF54260C443600AF6583 /* Sources */,
				EE9DFF55260C443600AF6583 /* Frameworks */,
				EE9DFF56260C443600AF6583 /* Resources */,
			);
			buildRules = (
			);
			dependencies = (
				EE9DFF5A260C443600AF6583 /* PBXTargetDependency */,
			);
			name = "Test-GlossikaUITests";
			productName = "Test-GlossikaUITests";
			productReference = EE9DFF58260C443600AF6583 /* Test-GlossikaUITests.xctest */;
			productType = "com.apple.product-type.bundle.ui-testing";
		};
/* End PBXNativeTarget section */

/* Begin PBXProject section */
		EE9DFF2F260C443400AF6583 /* Project object */ = {
			isa = PBXProject;
			attributes = {
				LastSwiftUpdateCheck = 1240;
				LastUpgradeCheck = 1240;
				TargetAttributes = {
					EE9DFF36260C443400AF6583 = {
						CreatedOnToolsVersion = 12.4;
					};
					EE9DFF4C260C443600AF6583 = {
						CreatedOnToolsVersion = 12.4;
						TestTargetID = EE9DFF36260C443400AF6583;
					};
					EE9DFF57260C443600AF6583 = {
						CreatedOnToolsVersion = 12.4;
						TestTargetID = EE9DFF36260C443400AF6583;
					};
				};
			};
			buildConfigurationList = EE9DFF32260C443400AF6583 /* Build configuration list for PBXProject "Test-Glossika" */;
			compatibilityVersion = "Xcode 9.3";
			developmentRegion = en;
			hasScannedForEncodings = 0;
			knownRegions = (
				en,
				Base,
			);
			mainGroup = EE9DFF2E260C443400AF6583;
			productRefGroup = EE9DFF38260C443400AF6583 /* Products */;
			projectDirPath = "";
			projectRoot = "";
			targets = (
				EE9DFF36260C443400AF6583 /* Test-Glossika */,
				EE9DFF4C260C443600AF6583 /* Test-GlossikaTests */,
				EE9DFF57260C443600AF6583 /* Test-GlossikaUITests */,
			);
		};
/* End PBXProject section */

/* Begin PBXResourcesBuildPhase section */
		EE9DFF35260C443400AF6583 /* Resources */ = {
			isa = PBXResourcesBuildPhase;
			buildActionMask = 2147483647;
			files = (
				EE9DFF47260C443600AF6583 /* LaunchScreen.storyboard in Resources */,
				EE9DFF44260C443600AF6583 /* Assets.xcassets in Resources */,
				EE9DFF42260C443400AF6583 /* Main.storyboard in Resources */,
			);
			runOnlyForDeploymentPostprocessing = 0;
		};
		EE9DFF4B260C443600AF6583 /* Resources */ = {
			isa = PBXResourcesBuildPhase;
			buildActionMask = 2147483647;
			files = (
			);
			runOnlyForDeploymentPostprocessing = 0;
		};
		EE9DFF56260C443600AF6583 /* Resources */ = {
			isa = PBXResourcesBuildPhase;
			buildActionMask = 2147483647;
			files = (
			);
			runOnlyForDeploymentPostprocessing = 0;
		};
/* End PBXResourcesBuildPhase section */

/* Begin PBXSourcesBuildPhase section */
		EE9DFF33260C443400AF6583 /* Sources */ = {
			isa = PBXSourcesBuildPhase;
			buildActionMask = 2147483647;
			files = (
				EE9DFF3F260C443400AF6583 /* ViewController.swift in Sources */,
				EE9DFF3B260C443400AF6583 /* AppDelegate.swift in Sources */,
				EE9DFF3D260C443400AF6583 /* SceneDelegate.swift in Sources */,
			);
			runOnlyForDeploymentPostprocessing = 0;
		};
		EE9DFF49260C443600AF6583 /* Sources */ = {
			isa = PBXSourcesBuildPhase;
			buildActionMask = 2147483647;
			files = (
				EE9DFF52260C443600AF6583 /* Test_GlossikaTests.swift in Sources */,
			);
			runOnlyForDeploymentPostprocessing = 0;
		};
		EE9DFF54260C443600AF6583 /* Sources */ = {
			isa = PBXSourcesBuildPhase;
			buildActionMask = 2147483647;
			files = (
				EE9DFF5D260C443600AF6583 /* Test_GlossikaUITests.swift in Sources */,
			);
			runOnlyForDeploymentPostprocessing = 0;
		};
/* End PBXSourcesBuildPhase section */

/* Begin PBXTargetDependency section */
		EE9DFF4F260C443600AF6583 /* PBXTargetDependency */ = {
			isa = PBXTargetDependency;
			target = EE9DFF36260C443400AF6583 /* Test-Glossika */;
			targetProxy = EE9DFF4E260C443600AF6583 /* PBXContainerItemProxy */;
		};
		EE9DFF5A260C443600AF6583 /* PBXTargetDependency */ = {
			isa = PBXTargetDependency;
			target = EE9DFF36260C443400AF6583 /* Test-Glossika */;
			targetProxy = EE9DFF59260C443600AF6583 /* PBXContainerItemProxy */;
		};
/* End PBXTargetDependency section */

/* Begin PBXVariantGroup section */
		EE9DFF40260C443400AF6583 /* Main.storyboard */ = {
			isa = PBXVariantGroup;
			children = (
				EE9DFF41260C443400AF6583 /* Base */,
			);
			name = Main.storyboard;
			sourceTree = "<group>";
		};
		EE9DFF45260C443600AF6583 /* LaunchScreen.storyboard */ = {
			isa = PBXVariantGroup;
			children = (
				EE9DFF46260C443600AF6583 /* Base */,
			);
			name = LaunchScreen.storyboard;
			sourceTree = "<group>";
		};
/* End PBXVariantGroup section */

/* Begin XCBuildConfiguration section */
		EE9DFF5F260C443600AF6583 /* Debug */ = {
			isa = XCBuildConfiguration;
			buildSettings = {
				ALWAYS_SEARCH_USER_PATHS = NO;
				CLANG_ANALYZER_NONNULL = YES;
				CLANG_ANALYZER_NUMBER_OBJECT_CONVERSION = YES_AGGRESSIVE;
				CLANG_CXX_LANGUAGE_STANDARD = "gnu++14";
				CLANG_CXX_LIBRARY = "libc++";
				CLANG_ENABLE_MODULES = YES;
				CLANG_ENABLE_OBJC_ARC = YES;
				CLANG_ENABLE_OBJC_WEAK = YES;
				CLANG_WARN_BLOCK_CAPTURE_AUTORELEASING = YES;
				CLANG_WARN_BOOL_CONVERSION = YES;
				CLANG_WARN_COMMA = YES;
				CLANG_WARN_CONSTANT_CONVERSION = YES;
				CLANG_WARN_DEPRECATED_OBJC_IMPLEMENTATIONS = YES;
				CLANG_WARN_DIRECT_OBJC_ISA_USAGE = YES_ERROR;
				CLANG_WARN_DOCUMENTATION_COMMENTS = YES;
				CLANG_WARN_EMPTY_BODY = YES;
				CLANG_WARN_ENUM_CONVERSION = YES;
				CLANG_WARN_INFINITE_RECURSION = YES;
				CLANG_WARN_INT_CONVERSION = YES;
				CLANG_WARN_NON_LITERAL_NULL_CONVERSION = YES;
				CLANG_WARN_OBJC_IMPLICIT_RETAIN_SELF = YES;
				CLANG_WARN_OBJC_LITERAL_CONVERSION = YES;
				CLANG_WARN_OBJC_ROOT_CLASS = YES_ERROR;
				CLANG_WARN_QUOTED_INCLUDE_IN_FRAMEWORK_HEADER = YES;
				CLANG_WARN_RANGE_LOOP_ANALYSIS = YES;
				CLANG_WARN_STRICT_PROTOTYPES = YES;
				CLANG_WARN_SUSPICIOUS_MOVE = YES;
				CLANG_WARN_UNGUARDED_AVAILABILITY = YES_AGGRESSIVE;
				CLANG_WARN_UNREACHABLE_CODE = YES;
				CLANG_WARN__DUPLICATE_METHOD_MATCH = YES;
				COPY_PHASE_STRIP = NO;
				DEBUG_INFORMATION_FORMAT = dwarf;
				ENABLE_STRICT_OBJC_MSGSEND = YES;
				ENABLE_TESTABILITY = YES;
				GCC_C_LANGUAGE_STANDARD = gnu11;
				GCC_DYNAMIC_NO_PIC = NO;
				GCC_NO_COMMON_BLOCKS = YES;
				GCC_OPTIMIZATION_LEVEL = 0;
				GCC_PREPROCESSOR_DEFINITIONS = (
					"DEBUG=1",
					"$(inherited)",
				);
				GCC_WARN_64_TO_32_BIT_CONVERSION = YES;
				GCC_WARN_ABOUT_RETURN_TYPE = YES_ERROR;
				GCC_WARN_UNDECLARED_SELECTOR = YES;
				GCC_WARN_UNINITIALIZED_AUTOS = YES_AGGRESSIVE;
				GCC_WARN_UNUSED_FUNCTION = YES;
				GCC_WARN_UNUSED_VARIABLE = YES;
				IPHONEOS_DEPLOYMENT_TARGET = 14.4;
				MTL_ENABLE_DEBUG_INFO = INCLUDE_SOURCE;
				MTL_FAST_MATH = YES;
				ONLY_ACTIVE_ARCH = YES;
				SDKROOT = iphoneos;
				SWIFT_ACTIVE_COMPILATION_CONDITIONS = DEBUG;
				SWIFT_OPTIMIZATION_LEVEL = "-Onone";
			};
			name = Debug;
		};
		EE9DFF60260C443600AF6583 /* Release */ = {
			isa = XCBuildConfiguration;
			buildSettings = {
				ALWAYS_SEARCH_USER_PATHS = NO;
				CLANG_ANALYZER_NONNULL = YES;
				CLANG_ANALYZER_NUMBER_OBJECT_CONVERSION = YES_AGGRESSIVE;
				CLANG_CXX_LANGUAGE_STANDARD = "gnu++14";
				CLANG_CXX_LIBRARY = "libc++";
				CLANG_ENABLE_MODULES = YES;
				CLANG_ENABLE_OBJC_ARC = YES;
				CLANG_ENABLE_OBJC_WEAK = YES;
				CLANG_WARN_BLOCK_CAPTURE_AUTORELEASING = YES;
				CLANG_WARN_BOOL_CONVERSION = YES;
				CLANG_WARN_COMMA = YES;
				CLANG_WARN_CONSTANT_CONVERSION = YES;
				CLANG_WARN_DEPRECATED_OBJC_IMPLEMENTATIONS = YES;
				CLANG_WARN_DIRECT_OBJC_ISA_USAGE = YES_ERROR;
				CLANG_WARN_DOCUMENTATION_COMMENTS = YES;
				CLANG_WARN_EMPTY_BODY = YES;
				CLANG_WARN_ENUM_CONVERSION = YES;
				CLANG_WARN_INFINITE_RECURSION = YES;
				CLANG_WARN_INT_CONVERSION = YES;
				CLANG_WARN_NON_LITERAL_NULL_CONVERSION = YES;
				CLANG_WARN_OBJC_IMPLICIT_RETAIN_SELF = YES;
				CLANG_WARN_OBJC_LITERAL_CONVERSION = YES;
				CLANG_WARN_OBJC_ROOT_CLASS = YES_ERROR;
				CLANG_WARN_QUOTED_INCLUDE_IN_FRAMEWORK_HEADER = YES;
				CLANG_WARN_RANGE_LOOP_ANALYSIS = YES;
				CLANG_WARN_STRICT_PROTOTYPES = YES;
				CLANG_WARN_SUSPICIOUS_MOVE = YES;
				CLANG_WARN_UNGUARDED_AVAILABILITY = YES_AGGRESSIVE;
				CLANG_WARN_UNREACHABLE_CODE = YES;
				CLANG_WARN__DUPLICATE_METHOD_MATCH = YES;
				COPY_PHASE_STRIP = NO;
				DEBUG_INFORMATION_FORMAT = "dwarf-with-dsym";
				ENABLE_NS_ASSERTIONS = NO;
				ENABLE_STRICT_OBJC_MSGSEND = YES;
				GCC_C_LANGUAGE_STANDARD = gnu11;
				GCC_NO_COMMON_BLOCKS = YES;
				GCC_WARN_64_TO_32_BIT_CONVERSION = YES;
				GCC_WARN_ABOUT_RETURN_TYPE = YES_ERROR;
				GCC_WARN_UNDECLARED_SELECTOR = YES;
				GCC_WARN_UNINITIALIZED_AUTOS = YES_AGGRESSIVE;
				GCC_WARN_UNUSED_FUNCTION = YES;
				GCC_WARN_UNUSED_VARIABLE = YES;
				IPHONEOS_DEPLOYMENT_TARGET = 14.4;
				MTL_ENABLE_DEBUG_INFO = NO;
				MTL_FAST_MATH = YES;
				SDKROOT = iphoneos;
				SWIFT_COMPILATION_MODE = wholemodule;
				SWIFT_OPTIMIZATION_LEVEL = "-O";
				VALIDATE_PRODUCT = YES;
			};
			name = Release;
		};
		EE9DFF62260C443600AF6583 /* Debug */ = {
			isa = XCBuildConfiguration;
			buildSettings = {
				ASSETCATALOG_COMPILER_APPICON_NAME = AppIcon;
				ASSETCATALOG_COMPILER_GLOBAL_ACCENT_COLOR_NAME = AccentColor;
				CODE_SIGN_STYLE = Automatic;
				DEVELOPMENT_TEAM = PN7KX8NCEE;
				INFOPLIST_FILE = "Test-Glossika/Info.plist";
				LD_RUNPATH_SEARCH_PATHS = (
					"$(inherited)",
					"@executable_path/Frameworks",
				);
				PRODUCT_BUNDLE_IDENTIFIER = "com.WeiKuo.Test-Glossika";
				PRODUCT_NAME = "$(TARGET_NAME)";
				SWIFT_VERSION = 5.0;
				TARGETED_DEVICE_FAMILY = "1,2";
			};
			name = Debug;
		};
		EE9DFF63260C443600AF6583 /* Release */ = {
			isa = XCBuildConfiguration;
			buildSettings = {
				ASSETCATALOG_COMPILER_APPICON_NAME = AppIcon;
				ASSETCATALOG_COMPILER_GLOBAL_ACCENT_COLOR_NAME = AccentColor;
				CODE_SIGN_STYLE = Automatic;
				DEVELOPMENT_TEAM = PN7KX8NCEE;
				INFOPLIST_FILE = "Test-Glossika/Info.plist";
				LD_RUNPATH_SEARCH_PATHS = (
					"$(inherited)",
					"@executable_path/Frameworks",
				);
				PRODUCT_BUNDLE_IDENTIFIER = "com.WeiKuo.Test-Glossika";
				PRODUCT_NAME = "$(TARGET_NAME)";
				SWIFT_VERSION = 5.0;
				TARGETED_DEVICE_FAMILY = "1,2";
			};
			name = Release;
		};
		EE9DFF65260C443600AF6583 /* Debug */ = {
			isa = XCBuildConfiguration;
			buildSettings = {
				ALWAYS_EMBED_SWIFT_STANDARD_LIBRARIES = YES;
				BUNDLE_LOADER = "$(TEST_HOST)";
				CODE_SIGN_STYLE = Automatic;
				DEVELOPMENT_TEAM = PN7KX8NCEE;
				INFOPLIST_FILE = "Test-GlossikaTests/Info.plist";
				IPHONEOS_DEPLOYMENT_TARGET = 14.4;
				LD_RUNPATH_SEARCH_PATHS = (
					"$(inherited)",
					"@executable_path/Frameworks",
					"@loader_path/Frameworks",
				);
				PRODUCT_BUNDLE_IDENTIFIER = "com.WeiKuo.Test-GlossikaTests";
				PRODUCT_NAME = "$(TARGET_NAME)";
				SWIFT_VERSION = 5.0;
				TARGETED_DEVICE_FAMILY = "1,2";
				TEST_HOST = "$(BUILT_PRODUCTS_DIR)/Test-Glossika.app/Test-Glossika";
			};
			name = Debug;
		};
		EE9DFF66260C443600AF6583 /* Release */ = {
			isa = XCBuildConfiguration;
			buildSettings = {
				ALWAYS_EMBED_SWIFT_STANDARD_LIBRARIES = YES;
				BUNDLE_LOADER = "$(TEST_HOST)";
				CODE_SIGN_STYLE = Automatic;
				DEVELOPMENT_TEAM = PN7KX8NCEE;
				INFOPLIST_FILE = "Test-GlossikaTests/Info.plist";
				IPHONEOS_DEPLOYMENT_TARGET = 14.4;
				LD_RUNPATH_SEARCH_PATHS = (
					"$(inherited)",
					"@executable_path/Frameworks",
					"@loader_path/Frameworks",
				);
				PRODUCT_BUNDLE_IDENTIFIER = "com.WeiKuo.Test-GlossikaTests";
				PRODUCT_NAME = "$(TARGET_NAME)";
				SWIFT_VERSION = 5.0;
				TARGETED_DEVICE_FAMILY = "1,2";
				TEST_HOST = "$(BUILT_PRODUCTS_DIR)/Test-Glossika.app/Test-Glossika";
			};
			name = Release;
		};
		EE9DFF68260C443600AF6583 /* Debug */ = {
			isa = XCBuildConfiguration;
			buildSettings = {
				ALWAYS_EMBED_SWIFT_STANDARD_LIBRARIES = YES;
				CODE_SIGN_STYLE = Automatic;
				DEVELOPMENT_TEAM = PN7KX8NCEE;
				INFOPLIST_FILE = "Test-GlossikaUITests/Info.plist";
				LD_RUNPATH_SEARCH_PATHS = (
					"$(inherited)",
					"@executable_path/Frameworks",
					"@loader_path/Frameworks",
				);
				PRODUCT_BUNDLE_IDENTIFIER = "com.WeiKuo.Test-GlossikaUITests";
				PRODUCT_NAME = "$(TARGET_NAME)";
				SWIFT_VERSION = 5.0;
				TARGETED_DEVICE_FAMILY = "1,2";
				TEST_TARGET_NAME = "Test-Glossika";
			};
			name = Debug;
		};
		EE9DFF69260C443600AF6583 /* Release */ = {
			isa = XCBuildConfiguration;
			buildSettings = {
				ALWAYS_EMBED_SWIFT_STANDARD_LIBRARIES = YES;
				CODE_SIGN_STYLE = Automatic;
				DEVELOPMENT_TEAM = PN7KX8NCEE;
				INFOPLIST_FILE = "Test-GlossikaUITests/Info.plist";
				LD_RUNPATH_SEARCH_PATHS = (
					"$(inherited)",
					"@executable_path/Frameworks",
					"@loader_path/Frameworks",
				);
				PRODUCT_BUNDLE_IDENTIFIER = "com.WeiKuo.Test-GlossikaUITests";
				PRODUCT_NAME = "$(TARGET_NAME)";
				SWIFT_VERSION = 5.0;
				TARGETED_DEVICE_FAMILY = "1,2";
				TEST_TARGET_NAME = "Test-Glossika";
			};
			name = Release;
		};
/* End XCBuildConfiguration section */

/* Begin XCConfigurationList section */
		EE9DFF32260C443400AF6583 /* Build configuration list for PBXProject "Test-Glossika" */ = {
			isa = XCConfigurationList;
			buildConfigurations = (
				EE9DFF5F260C443600AF6583 /* Debug */,
				EE9DFF60260C443600AF6583 /* Release */,
			);
			defaultConfigurationIsVisible = 0;
			defaultConfigurationName = Release;
		};
		EE9DFF61260C443600AF6583 /* Build configuration list for PBXNativeTarget "Test-Glossika" */ = {
			isa = XCConfigurationList;
			buildConfigurations = (
				EE9DFF62260C443600AF6583 /* Debug */,
				EE9DFF63260C443600AF6583 /* Release */,
			);
			defaultConfigurationIsVisible = 0;
			defaultConfigurationName = Release;
		};
		EE9DFF64260C443600AF6583 /* Build configuration list for PBXNativeTarget "Test-GlossikaTests" */ = {
			isa = XCConfigurationList;
			buildConfigurations = (
				EE9DFF65260C443600AF6583 /* Debug */,
				EE9DFF66260C443600AF6583 /* Release */,
			);
			defaultConfigurationIsVisible = 0;
			defaultConfigurationName = Release;
		};
		EE9DFF67260C443600AF6583 /* Build configuration list for PBXNativeTarget "Test-GlossikaUITests" */ = {
			isa = XCConfigurationList;
			buildConfigurations = (
				EE9DFF68260C443600AF6583 /* Debug */,
				EE9DFF69260C443600AF6583 /* Release */,
			);
			defaultConfigurationIsVisible = 0;
			defaultConfigurationName = Release;
		};
/* End XCConfigurationList section */
	};
	rootObject = EE9DFF2F260C443400AF6583 /* Project object */;
}
